// !$*UTF8*$!
{
	archiveVersion = 1;
	classes = {
	};
	objectVersion = 46;
	objects = {

/* Begin PBXBuildFile section */
		835DBAAB1CB7805300F7B5A2 /* titles.json in Resources */ = {isa = PBXBuildFile; fileRef = 835DBAAA1CB7805300F7B5A2 /* titles.json */; };
		835DBAB11CB7898900F7B5A2 /* StringUtils.m in Sources */ = {isa = PBXBuildFile; fileRef = 835DBAB01CB7898900F7B5A2 /* StringUtils.m */; };
		836641FF1CB77379005A34B1 /* AppDelegate.swift in Sources */ = {isa = PBXBuildFile; fileRef = 836641FE1CB77379005A34B1 /* AppDelegate.swift */; };
		836642011CB77379005A34B1 /* ViewController.swift in Sources */ = {isa = PBXBuildFile; fileRef = 836642001CB77379005A34B1 /* ViewController.swift */; };
		836642041CB77379005A34B1 /* Main.storyboard in Resources */ = {isa = PBXBuildFile; fileRef = 836642021CB77379005A34B1 /* Main.storyboard */; };
		836642061CB77379005A34B1 /* Assets.xcassets in Resources */ = {isa = PBXBuildFile; fileRef = 836642051CB77379005A34B1 /* Assets.xcassets */; };
		836642091CB77379005A34B1 /* LaunchScreen.storyboard in Resources */ = {isa = PBXBuildFile; fileRef = 836642071CB77379005A34B1 /* LaunchScreen.storyboard */; };
/* End PBXBuildFile section */

/* Begin PBXFileReference section */
		835DBAAA1CB7805300F7B5A2 /* titles.json */ = {isa = PBXFileReference; fileEncoding = 4; lastKnownFileType = text.json; path = titles.json; sourceTree = "<group>"; };
		835DBAAC1CB7893B00F7B5A2 /* movies-Bridging-Header.h */ = {isa = PBXFileReference; lastKnownFileType = sourcecode.c.h; path = "movies-Bridging-Header.h"; sourceTree = "<group>"; };
		835DBAAF1CB7898900F7B5A2 /* StringUtils.h */ = {isa = PBXFileReference; fileEncoding = 4; lastKnownFileType = sourcecode.c.h; path = StringUtils.h; sourceTree = "<group>"; };
		835DBAB01CB7898900F7B5A2 /* StringUtils.m */ = {isa = PBXFileReference; fileEncoding = 4; lastKnownFileType = sourcecode.c.objc; path = StringUtils.m; sourceTree = "<group>"; };
		836641FB1CB77379005A34B1 /* movies.app */ = {isa = PBXFileReference; explicitFileType = wrapper.application; includeInIndex = 0; path = movies.app; sourceTree = BUILT_PRODUCTS_DIR; };
		836641FE1CB77379005A34B1 /* AppDelegate.swift */ = {isa = PBXFileReference; lastKnownFileType = sourcecode.swift; path = AppDelegate.swift; sourceTree = "<group>"; };
		836642001CB77379005A34B1 /* ViewController.swift */ = {isa = PBXFileReference; lastKnownFileType = sourcecode.swift; path = ViewController.swift; sourceTree = "<group>"; };
		836642031CB77379005A34B1 /* Base */ = {isa = PBXFileReference; lastKnownFileType = file.storyboard; name = Base; path = Base.lproj/Main.storyboard; sourceTree = "<group>"; };
		836642051CB77379005A34B1 /* Assets.xcassets */ = {isa = PBXFileReference; lastKnownFileType = folder.assetcatalog; path = Assets.xcassets; sourceTree = "<group>"; };
		836642081CB77379005A34B1 /* Base */ = {isa = PBXFileReference; lastKnownFileType = file.storyboard; name = Base; path = Base.lproj/LaunchScreen.storyboard; sourceTree = "<group>"; };
		8366420A1CB77379005A34B1 /* Info.plist */ = {isa = PBXFileReference; lastKnownFileType = text.plist.xml; path = Info.plist; sourceTree = "<group>"; };
/* End PBXFileReference section */

/* Begin PBXFrameworksBuildPhase section */
		836641F81CB77378005A34B1 /* Frameworks */ = {
			isa = PBXFrameworksBuildPhase;
			buildActionMask = 2147483647;
			files = (
			);
			runOnlyForDeploymentPostprocessing = 0;
		};
/* End PBXFrameworksBuildPhase section */

/* Begin PBXGroup section */
		836641F21CB77378005A34B1 = {
			isa = PBXGroup;
			children = (
				835DBAAF1CB7898900F7B5A2 /* StringUtils.h */,
				835DBAB01CB7898900F7B5A2 /* StringUtils.m */,
				835DBAAA1CB7805300F7B5A2 /* titles.json */,
				836641FD1CB77379005A34B1 /* movies */,
				836641FC1CB77379005A34B1 /* Products */,
			);
			sourceTree = "<group>";
		};
		836641FC1CB77379005A34B1 /* Products */ = {
			isa = PBXGroup;
			children = (
				836641FB1CB77379005A34B1 /* movies.app */,
			);
			name = Products;
			sourceTree = "<group>";
		};
		836641FD1CB77379005A34B1 /* movies */ = {
			isa = PBXGroup;
			children = (
				836641FE1CB77379005A34B1 /* AppDelegate.swift */,
				836642001CB77379005A34B1 /* ViewController.swift */,
				836642021CB77379005A34B1 /* Main.storyboard */,
				836642051CB77379005A34B1 /* Assets.xcassets */,
				836642071CB77379005A34B1 /* LaunchScreen.storyboard */,
				8366420A1CB77379005A34B1 /* Info.plist */,
				835DBAAC1CB7893B00F7B5A2 /* movies-Bridging-Header.h */,
			);
			path = movies;
			sourceTree = "<group>";
		};
/* End PBXGroup section */

/* Begin PBXNativeTarget section */
		836641FA1CB77378005A34B1 /* movies */ = {
			isa = PBXNativeTarget;
			buildConfigurationList = 8366420D1CB77379005A34B1 /* Build configuration list for PBXNativeTarget "movies" */;
			buildPhases = (
				836641F71CB77378005A34B1 /* Sources */,
				836641F81CB77378005A34B1 /* Frameworks */,
				836641F91CB77378005A34B1 /* Resources */,
			);
			buildRules = (
			);
			dependencies = (
			);
			name = movies;
			productName = movies;
			productReference = 836641FB1CB77379005A34B1 /* movies.app */;
			productType = "com.apple.product-type.application";
		};
/* End PBXNativeTarget section */

/* Begin PBXProject section */
		836641F31CB77378005A34B1 /* Project object */ = {
			isa = PBXProject;
			attributes = {
				LastSwiftUpdateCheck = 0720;
				LastUpgradeCheck = 0720;
				ORGANIZATIONNAME = "Kyle Smith";
				TargetAttributes = {
					836641FA1CB77378005A34B1 = {
						CreatedOnToolsVersion = 7.2;
					};
				};
			};
			buildConfigurationList = 836641F61CB77378005A34B1 /* Build configuration list for PBXProject "movies" */;
			compatibilityVersion = "Xcode 3.2";
			developmentRegion = English;
			hasScannedForEncodings = 0;
			knownRegions = (
				en,
				Base,
			);
			mainGroup = 836641F21CB77378005A34B1;
			productRefGroup = 836641FC1CB77379005A34B1 /* Products */;
			projectDirPath = "";
			projectRoot = "";
			targets = (
				836641FA1CB77378005A34B1 /* movies */,
			);
		};
/* End PBXProject section */

/* Begin PBXResourcesBuildPhase section */
		836641F91CB77378005A34B1 /* Resources */ = {
			isa = PBXResourcesBuildPhase;
			buildActionMask = 2147483647;
			files = (
				835DBAAB1CB7805300F7B5A2 /* titles.json in Resources */,
				836642091CB77379005A34B1 /* LaunchScreen.storyboard in Resources */,
				836642061CB77379005A34B1 /* Assets.xcassets in Resources */,
				836642041CB77379005A34B1 /* Main.storyboard in Resources */,
			);
			runOnlyForDeploymentPostprocessing = 0;
		};
/* End PBXResourcesBuildPhase section */

/* Begin PBXSourcesBuildPhase section */
		836641F71CB77378005A34B1 /* Sources */ = {
			isa = PBXSourcesBuildPhase;
			buildActionMask = 2147483647;
			files = (
				836642011CB77379005A34B1 /* ViewController.swift in Sources */,
				835DBAB11CB7898900F7B5A2 /* StringUtils.m in Sources */,
				836641FF1CB77379005A34B1 /* AppDelegate.swift in Sources */,
			);
			runOnlyForDeploymentPostprocessing = 0;
		};
/* End PBXSourcesBuildPhase section */

/* Begin PBXVariantGroup section */
		836642021CB77379005A34B1 /* Main.storyboard */ = {
			isa = PBXVariantGroup;
			children = (
				836642031CB77379005A34B1 /* Base */,
			);
			name = Main.storyboard;
			sourceTree = "<group>";
		};
		836642071CB77379005A34B1 /* LaunchScreen.storyboard */ = {
			isa = PBXVariantGroup;
			children = (
				836642081CB77379005A34B1 /* Base */,
			);
			name = LaunchScreen.storyboard;
			sourceTree = "<group>";
		};
/* End PBXVariantGroup section */

/* Begin XCBuildConfiguration section */
		8366420B1CB77379005A34B1 /* Debug */ = {
			isa = XCBuildConfiguration;
			buildSettings = {
				ALWAYS_SEARCH_USER_PATHS = NO;
				CLANG_CXX_LANGUAGE_STANDARD = "gnu++0x";
				CLANG_CXX_LIBRARY = "libc++";
				CLANG_ENABLE_MODULES = YES;
				CLANG_ENABLE_OBJC_ARC = YES;
				CLANG_WARN_BOOL_CONVERSION = YES;
				CLANG_WARN_CONSTANT_CONVERSION = YES;
				CLANG_WARN_DIRECT_OBJC_ISA_USAGE = YES_ERROR;
				CLANG_WARN_EMPTY_BODY = YES;
				CLANG_WARN_ENUM_CONVERSION = YES;
				CLANG_WARN_INT_CONVERSION = YES;
				CLANG_WARN_OBJC_ROOT_CLASS = YES_ERROR;
				CLANG_WARN_UNREACHABLE_CODE = YES;
				CLANG_WARN__DUPLICATE_METHOD_MATCH = YES;
				"CODE_SIGN_IDENTITY[sdk=iphoneos*]" = "iPhone Developer";
				COPY_PHASE_STRIP = NO;
				DEBUG_INFORMATION_FORMAT = dwarf;
				ENABLE_STRICT_OBJC_MSGSEND = YES;
				ENABLE_TESTABILITY = YES;
				GCC_C_LANGUAGE_STANDARD = gnu99;
				GCC_DYNAMIC_NO_PIC = NO;
				GCC_NO_COMMON_BLOCKS = YES;
				GCC_OPTIMIZATION_LEVEL = 0;
				GCC_PREPROCESSOR_DEFINITIONS = (
					"DEBUG=1",
					"$(inherited)",
				);
				GCC_WARN_64_TO_32_BIT_CONVERSION = YES;
				GCC_WARN_ABOUT_RETURN_TYPE = YES_ERROR;
				GCC_WARN_UNDECLARED_SELECTOR = YES;
				GCC_WARN_UNINITIALIZED_AUTOS = YES_AGGRESSIVE;
				GCC_WARN_UNUSED_FUNCTION = YES;
				GCC_WARN_UNUSED_VARIABLE = YES;
				IPHONEOS_DEPLOYMENT_TARGET = 9.2;
				MTL_ENABLE_DEBUG_INFO = YES;
				ONLY_ACTIVE_ARCH = YES;
				SDKROOT = iphoneos;
				SWIFT_OPTIMIZATION_LEVEL = "-Onone";
			};
			name = Debug;
		};
		8366420C1CB77379005A34B1 /* Release */ = {
			isa = XCBuildConfiguration;
			buildSettings = {
				ALWAYS_SEARCH_USER_PATHS = NO;
				CLANG_CXX_LANGUAGE_STANDARD = "gnu++0x";
				CLANG_CXX_LIBRARY = "libc++";
				CLANG_ENABLE_MODULES = YES;
				CLANG_ENABLE_OBJC_ARC = YES;
				CLANG_WARN_BOOL_CONVERSION = YES;
				CLANG_WARN_CONSTANT_CONVERSION = YES;
				CLANG_WARN_DIRECT_OBJC_ISA_USAGE = YES_ERROR;
				CLANG_WARN_EMPTY_BODY = YES;
				CLANG_WARN_ENUM_CONVERSION = YES;
				CLANG_WARN_INT_CONVERSION = YES;
				CLANG_WARN_OBJC_ROOT_CLASS = YES_ERROR;
				CLANG_WARN_UNREACHABLE_CODE = YES;
				CLANG_WARN__DUPLICATE_METHOD_MATCH = YES;
				"CODE_SIGN_IDENTITY[sdk=iphoneos*]" = "iPhone Developer";
				COPY_PHASE_STRIP = NO;
				DEBUG_INFORMATION_FORMAT = "dwarf-with-dsym";
				ENABLE_NS_ASSERTIONS = NO;
				ENABLE_STRICT_OBJC_MSGSEND = YES;
				GCC_C_LANGUAGE_STANDARD = gnu99;
				GCC_NO_COMMON_BLOCKS = YES;
				GCC_WARN_64_TO_32_BIT_CONVERSION = YES;
				GCC_WARN_ABOUT_RETURN_TYPE = YES_ERROR;
				GCC_WARN_UNDECLARED_SELECTOR = YES;
				GCC_WARN_UNINITIALIZED_AUTOS = YES_AGGRESSIVE;
				GCC_WARN_UNUSED_FUNCTION = YES;
				GCC_WARN_UNUSED_VARIABLE = YES;
				IPHONEOS_DEPLOYMENT_TARGET = 9.2;
				MTL_ENABLE_DEBUG_INFO = NO;
				SDKROOT = iphoneos;
				VALIDATE_PRODUCT = YES;
			};
			name = Release;
		};
		8366420E1CB77379005A34B1 /* Debug */ = {
			isa = XCBuildConfiguration;
			buildSettings = {
				ASSETCATALOG_COMPILER_APPICON_NAME = AppIcon;
				CLANG_ENABLE_MODULES = YES;
				INFOPLIST_FILE = movies/Info.plist;
				LD_RUNPATH_SEARCH_PATHS = "$(inherited) @executable_path/Frameworks";
				PRODUCT_BUNDLE_IDENTIFIER = kyle.movies;
				PRODUCT_NAME = "$(TARGET_NAME)";
				SWIFT_OBJC_BRIDGING_HEADER = "movies/movies-Bridging-Header.h";
				SWIFT_OPTIMIZATION_LEVEL = "-Onone";
			};
			name = Debug;
		};
		8366420F1CB77379005A34B1 /* Release */ = {
			isa = XCBuildConfiguration;
			buildSettings = {
				ASSETCATALOG_COMPILER_APPICON_NAME = AppIcon;
				CLANG_ENABLE_MODULES = YES;
				INFOPLIST_FILE = movies/Info.plist;
				LD_RUNPATH_SEARCH_PATHS = "$(inherited) @executable_path/Frameworks";
				PRODUCT_BUNDLE_IDENTIFIER = kyle.movies;
				PRODUCT_NAME = "$(TARGET_NAME)";
				SWIFT_OBJC_BRIDGING_HEADER = "movies/movies-Bridging-Header.h";
			};
			name = Release;
		};
/* End XCBuildConfiguration section */

/* Begin XCConfigurationList section */
		836641F61CB77378005A34B1 /* Build configuration list for PBXProject "movies" */ = {
			isa = XCConfigurationList;
			buildConfigurations = (
				8366420B1CB77379005A34B1 /* Debug */,
				8366420C1CB77379005A34B1 /* Release */,
			);
			defaultConfigurationIsVisible = 0;
			defaultConfigurationName = Release;
		};
		8366420D1CB77379005A34B1 /* Build configuration list for PBXNativeTarget "movies" */ = {
			isa = XCConfigurationList;
			buildConfigurations = (
				8366420E1CB77379005A34B1 /* Debug */,
				8366420F1CB77379005A34B1 /* Release */,
			);
			defaultConfigurationIsVisible = 0;
			defaultConfigurationName = Release;
		};
/* End XCConfigurationList section */
	};
	rootObject = 836641F31CB77378005A34B1 /* Project object */;
}
